// !$*UTF8*$!
{
	archiveVersion = 1;
	classes = {
	};
	objectVersion = 46;
	objects = {

/* Begin PBXBuildFile section */
		39F26BDB1F058F7600703565 /* main.cpp in Sources */ = {isa = PBXBuildFile; fileRef = 39F26BDA1F058F7600703565 /* main.cpp */; };
		39F26BE21F058FE100703565 /* CoreAudio.framework in Frameworks */ = {isa = PBXBuildFile; fileRef = 39F26BE11F058FE100703565 /* CoreAudio.framework */; };
		39F26BE81F0593C900703565 /* audio-object-manager.cpp in Sources */ = {isa = PBXBuildFile; fileRef = 39F26BE61F0593C900703565 /* audio-object-manager.cpp */; settings = {ASSET_TAGS = (); }; };
		39F26BEB1F0595F500703565 /* audio-object.cpp in Sources */ = {isa = PBXBuildFile; fileRef = 39F26BE91F0595F500703565 /* audio-object.cpp */; settings = {ASSET_TAGS = (); }; };
		39F26BEE1F0596A400703565 /* os-status-exception.cpp in Sources */ = {isa = PBXBuildFile; fileRef = 39F26BEC1F0596A400703565 /* os-status-exception.cpp */; settings = {ASSET_TAGS = (); }; };
		39F26BF11F059C1D00703565 /* audio-device.cpp in Sources */ = {isa = PBXBuildFile; fileRef = 39F26BEF1F059C1D00703565 /* audio-device.cpp */; settings = {ASSET_TAGS = (); }; };
		39F26BF41F059F1700703565 /* output.cpp in Sources */ = {isa = PBXBuildFile; fileRef = 39F26BF21F059F1700703565 /* output.cpp */; settings = {ASSET_TAGS = (); }; };
		39F26BF61F05A09E00703565 /* CoreFoundation.framework in Frameworks */ = {isa = PBXBuildFile; fileRef = 39F26BF51F05A09E00703565 /* CoreFoundation.framework */; };
/* End PBXBuildFile section */

/* Begin PBXCopyFilesBuildPhase section */
		39F26BD51F058F7600703565 /* CopyFiles */ = {
			isa = PBXCopyFilesBuildPhase;
			buildActionMask = 2147483647;
			dstPath = /usr/share/man/man1/;
			dstSubfolderSpec = 0;
			files = (
			);
			runOnlyForDeploymentPostprocessing = 1;
		};
/* End PBXCopyFilesBuildPhase section */

/* Begin PBXFileReference section */
		39F26BD71F058F7600703565 /* coreaudio-inspector */ = {isa = PBXFileReference; explicitFileType = "compiled.mach-o.executable"; includeInIndex = 0; path = "coreaudio-inspector"; sourceTree = BUILT_PRODUCTS_DIR; };
		39F26BDA1F058F7600703565 /* main.cpp */ = {isa = PBXFileReference; lastKnownFileType = sourcecode.cpp.cpp; path = main.cpp; sourceTree = "<group>"; };
		39F26BE11F058FE100703565 /* CoreAudio.framework */ = {isa = PBXFileReference; lastKnownFileType = wrapper.framework; name = CoreAudio.framework; path = System/Library/Frameworks/CoreAudio.framework; sourceTree = SDKROOT; };
		39F26BE41F05904200703565 /* audio-object-property.hpp */ = {isa = PBXFileReference; fileEncoding = 4; lastKnownFileType = sourcecode.cpp.h; path = "audio-object-property.hpp"; sourceTree = "<group>"; };
		39F26BE61F0593C900703565 /* audio-object-manager.cpp */ = {isa = PBXFileReference; fileEncoding = 4; lastKnownFileType = sourcecode.cpp.cpp; path = "audio-object-manager.cpp"; sourceTree = "<group>"; };
		39F26BE71F0593C900703565 /* audio-object-manager.hpp */ = {isa = PBXFileReference; fileEncoding = 4; lastKnownFileType = sourcecode.cpp.h; path = "audio-object-manager.hpp"; sourceTree = "<group>"; };
		39F26BE91F0595F500703565 /* audio-object.cpp */ = {isa = PBXFileReference; fileEncoding = 4; lastKnownFileType = sourcecode.cpp.cpp; path = "audio-object.cpp"; sourceTree = "<group>"; };
		39F26BEA1F0595F500703565 /* audio-object.hpp */ = {isa = PBXFileReference; fileEncoding = 4; lastKnownFileType = sourcecode.cpp.h; path = "audio-object.hpp"; sourceTree = "<group>"; };
		39F26BEC1F0596A400703565 /* os-status-exception.cpp */ = {isa = PBXFileReference; fileEncoding = 4; lastKnownFileType = sourcecode.cpp.cpp; path = "os-status-exception.cpp"; sourceTree = "<group>"; };
		39F26BED1F0596A400703565 /* os-status-exception.hpp */ = {isa = PBXFileReference; fileEncoding = 4; lastKnownFileType = sourcecode.cpp.h; path = "os-status-exception.hpp"; sourceTree = "<group>"; };
		39F26BEF1F059C1D00703565 /* audio-device.cpp */ = {isa = PBXFileReference; fileEncoding = 4; lastKnownFileType = sourcecode.cpp.cpp; path = "audio-device.cpp"; sourceTree = "<group>"; };
		39F26BF01F059C1D00703565 /* audio-device.hpp */ = {isa = PBXFileReference; fileEncoding = 4; lastKnownFileType = sourcecode.cpp.h; path = "audio-device.hpp"; sourceTree = "<group>"; };
		39F26BF21F059F1700703565 /* output.cpp */ = {isa = PBXFileReference; fileEncoding = 4; lastKnownFileType = sourcecode.cpp.cpp; path = output.cpp; sourceTree = "<group>"; };
		39F26BF31F059F1700703565 /* output.hpp */ = {isa = PBXFileReference; fileEncoding = 4; lastKnownFileType = sourcecode.cpp.h; path = output.hpp; sourceTree = "<group>"; };
		39F26BF51F05A09E00703565 /* CoreFoundation.framework */ = {isa = PBXFileReference; lastKnownFileType = wrapper.framework; name = CoreFoundation.framework; path = System/Library/Frameworks/CoreFoundation.framework; sourceTree = SDKROOT; };
/* End PBXFileReference section */

/* Begin PBXFrameworksBuildPhase section */
		39F26BD41F058F7600703565 /* Frameworks */ = {
			isa = PBXFrameworksBuildPhase;
			buildActionMask = 2147483647;
			files = (
				39F26BF61F05A09E00703565 /* CoreFoundation.framework in Frameworks */,
				39F26BE21F058FE100703565 /* CoreAudio.framework in Frameworks */,
			);
			runOnlyForDeploymentPostprocessing = 0;
		};
/* End PBXFrameworksBuildPhase section */

/* Begin PBXGroup section */
		39F26BCE1F058F7600703565 = {
			isa = PBXGroup;
			children = (
				39F26BF51F05A09E00703565 /* CoreFoundation.framework */,
				39F26BE11F058FE100703565 /* CoreAudio.framework */,
				39F26BD91F058F7600703565 /* coreaudio-inspector */,
				39F26BD81F058F7600703565 /* Products */,
			);
			sourceTree = "<group>";
		};
		39F26BD81F058F7600703565 /* Products */ = {
			isa = PBXGroup;
			children = (
				39F26BD71F058F7600703565 /* coreaudio-inspector */,
			);
			name = Products;
			sourceTree = "<group>";
		};
		39F26BD91F058F7600703565 /* coreaudio-inspector */ = {
			isa = PBXGroup;
			children = (
				39F26BDA1F058F7600703565 /* main.cpp */,
				39F26BE41F05904200703565 /* audio-object-property.hpp */,
				39F26BE61F0593C900703565 /* audio-object-manager.cpp */,
				39F26BE71F0593C900703565 /* audio-object-manager.hpp */,
				39F26BE91F0595F500703565 /* audio-object.cpp */,
				39F26BEA1F0595F500703565 /* audio-object.hpp */,
				39F26BEC1F0596A400703565 /* os-status-exception.cpp */,
				39F26BED1F0596A400703565 /* os-status-exception.hpp */,
				39F26BEF1F059C1D00703565 /* audio-device.cpp */,
				39F26BF01F059C1D00703565 /* audio-device.hpp */,
				39F26BF21F059F1700703565 /* output.cpp */,
				39F26BF31F059F1700703565 /* output.hpp */,
			);
			path = "coreaudio-inspector";
			sourceTree = "<group>";
		};
/* End PBXGroup section */

/* Begin PBXNativeTarget section */
		39F26BD61F058F7600703565 /* coreaudio-inspector */ = {
			isa = PBXNativeTarget;
			buildConfigurationList = 39F26BDE1F058F7600703565 /* Build configuration list for PBXNativeTarget "coreaudio-inspector" */;
			buildPhases = (
				39F26BD31F058F7600703565 /* Sources */,
				39F26BD41F058F7600703565 /* Frameworks */,
				39F26BD51F058F7600703565 /* CopyFiles */,
			);
			buildRules = (
			);
			dependencies = (
			);
			name = "coreaudio-inspector";
			productName = "coreaudio-inspector";
			productReference = 39F26BD71F058F7600703565 /* coreaudio-inspector */;
			productType = "com.apple.product-type.tool";
		};
/* End PBXNativeTarget section */

/* Begin PBXProject section */
		39F26BCF1F058F7600703565 /* Project object */ = {
			isa = PBXProject;
			attributes = {
				LastUpgradeCheck = 0700;
				TargetAttributes = {
					39F26BD61F058F7600703565 = {
						CreatedOnToolsVersion = 7.0.1;
					};
				};
			};
			buildConfigurationList = 39F26BD21F058F7600703565 /* Build configuration list for PBXProject "coreaudio-inspector" */;
			compatibilityVersion = "Xcode 3.2";
			developmentRegion = English;
			hasScannedForEncodings = 0;
			knownRegions = (
				en,
			);
			mainGroup = 39F26BCE1F058F7600703565;
			productRefGroup = 39F26BD81F058F7600703565 /* Products */;
			projectDirPath = "";
			projectRoot = "";
			targets = (
				39F26BD61F058F7600703565 /* coreaudio-inspector */,
			);
		};
/* End PBXProject section */

/* Begin PBXSourcesBuildPhase section */
		39F26BD31F058F7600703565 /* Sources */ = {
			isa = PBXSourcesBuildPhase;
			buildActionMask = 2147483647;
			files = (
				39F26BDB1F058F7600703565 /* main.cpp in Sources */,
				39F26BEE1F0596A400703565 /* os-status-exception.cpp in Sources */,
				39F26BF41F059F1700703565 /* output.cpp in Sources */,
				39F26BE81F0593C900703565 /* audio-object-manager.cpp in Sources */,
				39F26BEB1F0595F500703565 /* audio-object.cpp in Sources */,
				39F26BF11F059C1D00703565 /* audio-device.cpp in Sources */,
			);
			runOnlyForDeploymentPostprocessing = 0;
		};
/* End PBXSourcesBuildPhase section */

/* Begin XCBuildConfiguration section */
		39F26BDC1F058F7600703565 /* Debug */ = {
			isa = XCBuildConfiguration;
			buildSettings = {
				ALWAYS_SEARCH_USER_PATHS = NO;
				CLANG_CXX_LANGUAGE_STANDARD = "gnu++0x";
				CLANG_CXX_LIBRARY = "libc++";
				CLANG_ENABLE_MODULES = YES;
				CLANG_ENABLE_OBJC_ARC = YES;
				CLANG_WARN_BOOL_CONVERSION = YES;
				CLANG_WARN_CONSTANT_CONVERSION = YES;
				CLANG_WARN_DIRECT_OBJC_ISA_USAGE = YES_ERROR;
				CLANG_WARN_EMPTY_BODY = YES;
				CLANG_WARN_ENUM_CONVERSION = YES;
				CLANG_WARN_INT_CONVERSION = YES;
				CLANG_WARN_OBJC_ROOT_CLASS = YES_ERROR;
				CLANG_WARN_UNREACHABLE_CODE = YES;
				CLANG_WARN__DUPLICATE_METHOD_MATCH = YES;
				COPY_PHASE_STRIP = NO;
				DEBUG_INFORMATION_FORMAT = dwarf;
				ENABLE_STRICT_OBJC_MSGSEND = YES;
				ENABLE_TESTABILITY = YES;
				GCC_C_LANGUAGE_STANDARD = gnu99;
				GCC_DYNAMIC_NO_PIC = NO;
				GCC_NO_COMMON_BLOCKS = YES;
				GCC_OPTIMIZATION_LEVEL = 0;
				GCC_PREPROCESSOR_DEFINITIONS = (
					"DEBUG=1",
					"$(inherited)",
				);
				GCC_WARN_64_TO_32_BIT_CONVERSION = YES;
				GCC_WARN_ABOUT_RETURN_TYPE = YES_ERROR;
				GCC_WARN_UNDECLARED_SELECTOR = YES;
				GCC_WARN_UNINITIALIZED_AUTOS = YES_AGGRESSIVE;
				GCC_WARN_UNUSED_FUNCTION = YES;
				GCC_WARN_UNUSED_VARIABLE = YES;
				MACOSX_DEPLOYMENT_TARGET = 10.11;
				MTL_ENABLE_DEBUG_INFO = YES;
				ONLY_ACTIVE_ARCH = YES;
				SDKROOT = macosx;
			};
			name = Debug;
		};
		39F26BDD1F058F7600703565 /* Release */ = {
			isa = XCBuildConfiguration;
			buildSettings = {
				ALWAYS_SEARCH_USER_PATHS = NO;
				CLANG_CXX_LANGUAGE_STANDARD = "gnu++0x";
				CLANG_CXX_LIBRARY = "libc++";
				CLANG_ENABLE_MODULES = YES;
				CLANG_ENABLE_OBJC_ARC = YES;
				CLANG_WARN_BOOL_CONVERSION = YES;
				CLANG_WARN_CONSTANT_CONVERSION = YES;
				CLANG_WARN_DIRECT_OBJC_ISA_USAGE = YES_ERROR;
				CLANG_WARN_EMPTY_BODY = YES;
				CLANG_WARN_ENUM_CONVERSION = YES;
				CLANG_WARN_INT_CONVERSION = YES;
				CLANG_WARN_OBJC_ROOT_CLASS = YES_ERROR;
				CLANG_WARN_UNREACHABLE_CODE = YES;
				CLANG_WARN__DUPLICATE_METHOD_MATCH = YES;
				COPY_PHASE_STRIP = NO;
				DEBUG_INFORMATION_FORMAT = "dwarf-with-dsym";
				ENABLE_NS_ASSERTIONS = NO;
				ENABLE_STRICT_OBJC_MSGSEND = YES;
				GCC_C_LANGUAGE_STANDARD = gnu99;
				GCC_NO_COMMON_BLOCKS = YES;
				GCC_WARN_64_TO_32_BIT_CONVERSION = YES;
				GCC_WARN_ABOUT_RETURN_TYPE = YES_ERROR;
				GCC_WARN_UNDECLARED_SELECTOR = YES;
				GCC_WARN_UNINITIALIZED_AUTOS = YES_AGGRESSIVE;
				GCC_WARN_UNUSED_FUNCTION = YES;
				GCC_WARN_UNUSED_VARIABLE = YES;
				MACOSX_DEPLOYMENT_TARGET = 10.11;
				MTL_ENABLE_DEBUG_INFO = NO;
				SDKROOT = macosx;
			};
			name = Release;
		};
		39F26BDF1F058F7600703565 /* Debug */ = {
			isa = XCBuildConfiguration;
			buildSettings = {
				PRODUCT_NAME = "$(TARGET_NAME)";
			};
			name = Debug;
		};
		39F26BE01F058F7600703565 /* Release */ = {
			isa = XCBuildConfiguration;
			buildSettings = {
				PRODUCT_NAME = "$(TARGET_NAME)";
			};
			name = Release;
		};
/* End XCBuildConfiguration section */

/* Begin XCConfigurationList section */
		39F26BD21F058F7600703565 /* Build configuration list for PBXProject "coreaudio-inspector" */ = {
			isa = XCConfigurationList;
			buildConfigurations = (
				39F26BDC1F058F7600703565 /* Debug */,
				39F26BDD1F058F7600703565 /* Release */,
			);
			defaultConfigurationIsVisible = 0;
			defaultConfigurationName = Release;
		};
		39F26BDE1F058F7600703565 /* Build configuration list for PBXNativeTarget "coreaudio-inspector" */ = {
			isa = XCConfigurationList;
			buildConfigurations = (
				39F26BDF1F058F7600703565 /* Debug */,
				39F26BE01F058F7600703565 /* Release */,
			);
			defaultConfigurationIsVisible = 0;
		};
/* End XCConfigurationList section */
	};
	rootObject = 39F26BCF1F058F7600703565 /* Project object */;
}
